
Microsoft Visual Studio Solution File, Format Version 12.00
# Visual Studio Version 17
VisualStudioVersion = 17.10.35013.160
MinimumVisualStudioVersion = 10.0.40219.1
Project("{FAE04EC0-301F-11D3-BF4B-00C04F79EFBC}") = "Restorent app", "Restorent app\Restorent app.csproj", "{2F2347F9-1B7A-4603-B38E-B36F22392E9D}"
EndProject
Global
	GlobalSection(SolutionConfigurationPlatforms) = preSolution
		Debug|Any CPU = Debug|Any CPU
		Release|Any CPU = Release|Any CPU
	EndGlobalSection
	GlobalSection(ProjectConfigurationPlatforms) = postSolution
		{2F2347F9-1B7A-4603-B38E-B36F22392E9D}.Debug|Any CPU.ActiveCfg = Debug|Any CPU
		{2F2347F9-1B7A-4603-B38E-B36F22392E9D}.Debug|Any CPU.Build.0 = Debug|Any CPU
		{2F2347F9-1B7A-4603-B38E-B36F22392E9D}.Release|Any CPU.ActiveCfg = Release|Any CPU
		{2F2347F9-1B7A-4603-B38E-B36F22392E9D}.Release|Any CPU.Build.0 = Release|Any CPU
	EndGlobalSection
	GlobalSection(SolutionProperties) = preSolution
		HideSolutionNode = FALSE
	EndGlobalSection
	GlobalSection(ExtensibilityGlobals) = postSolution
		SolutionGuid = {8BC954B2-82AD-4376-9869-77D12466521A}
	EndGlobalSection
EndGlobal
